
Microsoft Visual Studio Solution File, Format Version 12.00
# Visual Studio Version 16
VisualStudioVersion = 16.0.30523.141
MinimumVisualStudioVersion = 10.0.40219.1
Project("{FAE04EC0-301F-11D3-BF4B-00C04F79EFBC}") = "PDFEditor", "PDFEditor\PDFEditor.csproj", "{9CC05DF7-9877-471D-A2DD-E623A0B72207}"
EndProject
Global
	GlobalSection(SolutionConfigurationPlatforms) = preSolution
		Debug|Any CPU = Debug|Any CPU
		Release|Any CPU = Release|Any CPU
	EndGlobalSection
	GlobalSection(ProjectConfigurationPlatforms) = postSolution
		{9CC05DF7-9877-471D-A2DD-E623A0B72207}.Debug|Any CPU.ActiveCfg = Debug|Any CPU
		{9CC05DF7-9877-471D-A2DD-E623A0B72207}.Debug|Any CPU.Build.0 = Debug|Any CPU
		{9CC05DF7-9877-471D-A2DD-E623A0B72207}.Release|Any CPU.ActiveCfg = Release|Any CPU
		{9CC05DF7-9877-471D-A2DD-E623A0B72207}.Release|Any CPU.Build.0 = Release|Any CPU
	EndGlobalSection
	GlobalSection(SolutionProperties) = preSolution
		HideSolutionNode = FALSE
	EndGlobalSection
	GlobalSection(ExtensibilityGlobals) = postSolution
		SolutionGuid = {58B44668-C55D-480A-8AD8-2E059E0B6247}
	EndGlobalSection
EndGlobal
